<?xml version="1.0" encoding="utf-8"?>
<Project ToolsVersion="4.0" xmlns="http://schemas.microsoft.com/developer/msbuild/2003">
  <ItemGroup>
    <Filter Include="Archivos de origen">
      <UniqueIdentifier>{4FC737F1-C7A5-4376-A066-2A32D752A2FF}</UniqueIdentifier>
      <Extensions>cpp;c;cc;cxx;c++;cppm;ixx;def;odl;idl;hpj;bat;asm;asmx</Extensions>
    </Filter>
    <Filter Include="Archivos de encabezado">
      <UniqueIdentifier>{93995380-89BD-4b04-88EB-625FBE52EBFB}</UniqueIdentifier>
      <Extensions>h;hh;hpp;hxx;h++;hm;inl;inc;ipp;xsd</Extensions>
    </Filter>
    <Filter Include="Archivos de recursos">
      <UniqueIdentifier>{67DA6AB6-F800-4c08-8B7A-83BB121AAD01}</UniqueIdentifier>
      <Extensions>rc;ico;cur;bmp;dlg;rc2;rct;bin;rgs;gif;jpg;jpeg;jpe;resx;tiff;tif;png;wav;mfcribbon-ms</Extensions>
    </Filter>
    <Filter Include="Archivos de encabezado\Core">
      <UniqueIdentifier>{12b578ab-5657-43fa-b7d1-4d14f557a020}</UniqueIdentifier>
    </Filter>
    <Filter Include="Archivos de origen\Core">
      <UniqueIdentifier>{30b77d0a-2e13-45ec-83d9-dbda85c81a55}</UniqueIdentifier>
    </Filter>
    <Filter Include="Archivos de encabezado\ESC">
      <UniqueIdentifier>{e02c822b-5976-48b0-a05e-43d844726e04}</UniqueIdentifier>
    </Filter>
    <Filter Include="Archivos de encabezado\ESC\System">
      <UniqueIdentifier>{a51a81e5-5bf9-44a8-9c1a-3c2d7e3854f3}</UniqueIdentifier>
    </Filter>
    <Filter Include="Archivos de encabezado\ESC\Components">
      <UniqueIdentifier>{fdce2795-e238-4660-9145-ba181a0b04ad}</UniqueIdentifier>
    </Filter>
    <Filter Include="Archivos de encabezado\Imgui">
      <UniqueIdentifier>{2283196b-a516-4d6e-8a07-7c1837e4ea53}</UniqueIdentifier>
    </Filter>
    <Filter Include="Archivos de origen\Imgui">
      <UniqueIdentifier>{9281a50b-4919-4968-85ba-77ec66c837ee}</UniqueIdentifier>
    </Filter>
  </ItemGroup>
  <ItemGroup>
    <ClCompile Include="source\main2.cpp">
      <Filter>Archivos de origen</Filter>
    </ClCompile>
    <ClCompile Include="source\Core\Window.cpp">
      <Filter>Archivos de origen\Core</Filter>
    </ClCompile>
    <ClCompile Include="source\Core\CShape.cpp">
      <Filter>Archivos de origen\Core</Filter>
    </ClCompile>
    <ClCompile Include="..\ThirdParties\imgui-sfml-3.0\imgui-SFML.cpp">
      <Filter>Archivos de origen\Imgui</Filter>
    </ClCompile>
    <ClCompile Include="..\ThirdParties\imgui-docking\imgui.cpp">
      <Filter>Archivos de origen\Imgui</Filter>
    </ClCompile>
    <ClCompile Include="..\ThirdParties\imgui-docking\imgui_demo.cpp">
      <Filter>Archivos de origen\Imgui</Filter>
    </ClCompile>
    <ClCompile Include="..\ThirdParties\imgui-docking\imgui_draw.cpp">
      <Filter>Archivos de origen\Imgui</Filter>
    </ClCompile>
    <ClCompile Include="..\ThirdParties\imgui-docking\imgui_tables.cpp">
      <Filter>Archivos de origen\Imgui</Filter>
    </ClCompile>
    <ClCompile Include="..\ThirdParties\imgui-docking\imgui_widgets.cpp">
      <Filter>Archivos de origen\Imgui</Filter>
    </ClCompile>
  </ItemGroup>
  <ItemGroup>
    <ClInclude Include="include\Prerequisites.h">
      <Filter>Archivos de encabezado</Filter>
    </ClInclude>
    <ClInclude Include="include\Core\Window.h">
      <Filter>Archivos de encabezado\Core</Filter>
    </ClInclude>
    <ClInclude Include="include\Core\CShape.h">
      <Filter>Archivos de encabezado\Core</Filter>
    </ClInclude>
    <ClInclude Include="include\ESC\Types.h">
      <Filter>Archivos de encabezado\ESC</Filter>
    </ClInclude>
    <ClInclude Include="include\ESC\SparseSet.h">
      <Filter>Archivos de encabezado\ESC</Filter>
    </ClInclude>
    <ClInclude Include="include\ESC\ComponentPool.h">
      <Filter>Archivos de encabezado</Filter>
    </ClInclude>
    <ClInclude Include="include\ESC\View.h">
      <Filter>Archivos de encabezado\ESC</Filter>
    </ClInclude>
    <ClInclude Include="include\ESC\Registry.h">
      <Filter>Archivos de encabezado\ESC</Filter>
    </ClInclude>
    <ClInclude Include="include\ESC\System.h">
      <Filter>Archivos de encabezado\ESC</Filter>
    </ClInclude>
    <ClInclude Include="include\ESC\System\RenderSystem.h">
      <Filter>Archivos de encabezado\ESC\System</Filter>
    </ClInclude>
    <ClInclude Include="include\ESC\Components\Render.h">
      <Filter>Archivos de encabezado\ESC\Components</Filter>
    </ClInclude>
    <ClInclude Include="include\ESC\Components\Transform.h">
      <Filter>Archivos de encabezado\ESC\Components</Filter>
    </ClInclude>
    <ClInclude Include="include\ESC\System\UISystem.h">
      <Filter>Archivos de encabezado\ESC\System</Filter>
    </ClInclude>
    <ClInclude Include="include\ESC\System\CameraSystem.h">
      <Filter>Archivos de encabezado\ESC\System</Filter>
    </ClInclude>
    <ClInclude Include="include\ESC\Components\Camera.h">
      <Filter>Archivos de encabezado\ESC\Components</Filter>
    </ClInclude>
    <ClInclude Include="include\ESC\Components\Steering.h">
      <Filter>Archivos de encabezado\ESC\Components</Filter>
    </ClInclude>
    <ClInclude Include="include\Velocity.h">
      <Filter>Archivos de encabezado</Filter>
    </ClInclude>
    <ClInclude Include="include\ESC\Components\Target.h">
      <Filter>Archivos de encabezado\ESC\Components</Filter>
    </ClInclude>
    <ClInclude Include="include\ESC\System\MovementSystem.h">
      <Filter>Archivos de encabezado\ESC\System</Filter>
    </ClInclude>
    <ClInclude Include="include\ESC\System\SteeringSystem.h">
      <Filter>Archivos de encabezado\ESC\System</Filter>
    </ClInclude>
  </ItemGroup>
</Project>